// !$*UTF8*$!
{
	archiveVersion = 1;
	classes = {
	};
	objectVersion = 51;
	objects = {

/* Begin PBXBuildFile section */
		3C425BB685784960593B95AC /* Pods_CodableUnitTests.framework in Frameworks */ = {isa = PBXBuildFile; fileRef = ADEE797F0F062527192FDA59 /* Pods_CodableUnitTests.framework */; };
		5515A7EC256014B900ACE99C /* Settings.swift in Sources */ = {isa = PBXBuildFile; fileRef = 5515A7EA256014B900ACE99C /* Settings.swift */; };
		5515A7F02560564C00ACE99C /* Circle.swift in Sources */ = {isa = PBXBuildFile; fileRef = 5515A7EE2560564C00ACE99C /* Circle.swift */; };
		5515A7F32560569400ACE99C /* CircleSpecs.swift in Sources */ = {isa = PBXBuildFile; fileRef = 5515A7F12560569400ACE99C /* CircleSpecs.swift */; };
		5515A7F42560598B00ACE99C /* SkipEncodingBool.swift in Sources */ = {isa = PBXBuildFile; fileRef = 5515A7E6255FEEA600ACE99C /* SkipEncodingBool.swift */; };
		5515A7F825605BEE00ACE99C /* SettingsSpecs.swift in Sources */ = {isa = PBXBuildFile; fileRef = 5515A7F625605BEE00ACE99C /* SettingsSpecs.swift */; };
		5515A7FE25608CC300ACE99C /* Podfile in Resources */ = {isa = PBXBuildFile; fileRef = 5515A7FD25608CC300ACE99C /* Podfile */; };
		5515A80025608CFA00ACE99C /* .gitignore in Resources */ = {isa = PBXBuildFile; fileRef = 5515A7FF25608CFA00ACE99C /* .gitignore */; };
		556CEE0B255F43AE0045409E /* UserSpecs.swift in Sources */ = {isa = PBXBuildFile; fileRef = 55EB7CF3255F422400DC2C6B /* UserSpecs.swift */; };
		556CEE0C255F43EC0045409E /* User.swift in Sources */ = {isa = PBXBuildFile; fileRef = 55EB7CF0255F41F600DC2C6B /* User.swift */; };
		556CEE10255F45190045409E /* Decodable+Extensions.swift in Sources */ = {isa = PBXBuildFile; fileRef = 556CEE0E255F45190045409E /* Decodable+Extensions.swift */; };
		556CEE14255F51570045409E /* DefaultToFalse.swift in Sources */ = {isa = PBXBuildFile; fileRef = 556CEE12255F51570045409E /* DefaultToFalse.swift */; };
		556CEE17255F518E0045409E /* DefaultToZero.swift in Sources */ = {isa = PBXBuildFile; fileRef = 556CEE15255F518E0045409E /* DefaultToZero.swift */; };
		556CEE1A255F56DA0045409E /* Encodable+Extensions.swift in Sources */ = {isa = PBXBuildFile; fileRef = 556CEE18255F56DA0045409E /* Encodable+Extensions.swift */; };
		556CEE1E255F5B260045409E /* String+Extensions.swift in Sources */ = {isa = PBXBuildFile; fileRef = 556CEE1B255F58600045409E /* String+Extensions.swift */; };
		556CEE21255F5EB90045409E /* Dictionary+Extensions.swift in Sources */ = {isa = PBXBuildFile; fileRef = 556CEE1F255F5EB80045409E /* Dictionary+Extensions.swift */; };
		55F84F0025609EB400911DFD /* Base64DataWrapper.swift in Sources */ = {isa = PBXBuildFile; fileRef = 55F84EFF25609EB400911DFD /* Base64DataWrapper.swift */; };
		55F84F022560A3C300911DFD /* ManualWrapperSpec.swift in Sources */ = {isa = PBXBuildFile; fileRef = 55F84F012560A3C300911DFD /* ManualWrapperSpec.swift */; };
		55F84F042560A3E600911DFD /* ManualWrapper.swift in Sources */ = {isa = PBXBuildFile; fileRef = 55F84F032560A3E600911DFD /* ManualWrapper.swift */; };
		55F84F082560A55200911DFD /* save.png in Resources */ = {isa = PBXBuildFile; fileRef = 55F84F062560A55200911DFD /* save.png */; };
		55F84F092560A55200911DFD /* search.png in Resources */ = {isa = PBXBuildFile; fileRef = 55F84F072560A55200911DFD /* search.png */; };
		55F84F0B2560B5D000911DFD /* Base64.swift in Sources */ = {isa = PBXBuildFile; fileRef = 55F84F0A2560B5CF00911DFD /* Base64.swift */; };
		55F84F0D2560B87600911DFD /* PropertyWrapper.swift in Sources */ = {isa = PBXBuildFile; fileRef = 55F84F0C2560B87600911DFD /* PropertyWrapper.swift */; };
		55F84F0F2560B97B00911DFD /* PropertyWrapperSpec.swift in Sources */ = {isa = PBXBuildFile; fileRef = 55F84F0E2560B97B00911DFD /* PropertyWrapperSpec.swift */; };
/* End PBXBuildFile section */

/* Begin PBXFileReference section */
		50A05B36B2C698A97066D241 /* Pods-CodableTests.debug.xcconfig */ = {isa = PBXFileReference; includeInIndex = 1; lastKnownFileType = text.xcconfig; name = "Pods-CodableTests.debug.xcconfig"; path = "Target Support Files/Pods-CodableTests/Pods-CodableTests.debug.xcconfig"; sourceTree = "<group>"; };
		5515A7E6255FEEA600ACE99C /* SkipEncodingBool.swift */ = {isa = PBXFileReference; lastKnownFileType = sourcecode.swift; path = SkipEncodingBool.swift; sourceTree = "<group>"; };
		5515A7EA256014B900ACE99C /* Settings.swift */ = {isa = PBXFileReference; lastKnownFileType = sourcecode.swift; path = Settings.swift; sourceTree = "<group>"; };
		5515A7EE2560564C00ACE99C /* Circle.swift */ = {isa = PBXFileReference; lastKnownFileType = sourcecode.swift; path = Circle.swift; sourceTree = "<group>"; };
		5515A7F12560569400ACE99C /* CircleSpecs.swift */ = {isa = PBXFileReference; lastKnownFileType = sourcecode.swift; path = CircleSpecs.swift; sourceTree = "<group>"; };
		5515A7F625605BEE00ACE99C /* SettingsSpecs.swift */ = {isa = PBXFileReference; lastKnownFileType = sourcecode.swift; path = SettingsSpecs.swift; sourceTree = "<group>"; };
		5515A7F92560894F00ACE99C /* README.md */ = {isa = PBXFileReference; lastKnownFileType = net.daringfireball.markdown; path = README.md; sourceTree = "<group>"; tabWidth = 4; usesTabs = 1; };
		5515A7FD25608CC300ACE99C /* Podfile */ = {isa = PBXFileReference; fileEncoding = 4; lastKnownFileType = text; path = Podfile; sourceTree = "<group>"; };
		5515A7FF25608CFA00ACE99C /* .gitignore */ = {isa = PBXFileReference; fileEncoding = 4; lastKnownFileType = text; path = .gitignore; sourceTree = "<group>"; };
		556CEE03255F43A70045409E /* CodableUnitTests.xctest */ = {isa = PBXFileReference; explicitFileType = wrapper.cfbundle; includeInIndex = 0; path = CodableUnitTests.xctest; sourceTree = BUILT_PRODUCTS_DIR; };
		556CEE07255F43A70045409E /* Info.plist */ = {isa = PBXFileReference; lastKnownFileType = text.plist.xml; path = Info.plist; sourceTree = "<group>"; };
		556CEE0E255F45190045409E /* Decodable+Extensions.swift */ = {isa = PBXFileReference; lastKnownFileType = sourcecode.swift; path = "Decodable+Extensions.swift"; sourceTree = "<group>"; };
		556CEE12255F51570045409E /* DefaultToFalse.swift */ = {isa = PBXFileReference; lastKnownFileType = sourcecode.swift; path = DefaultToFalse.swift; sourceTree = "<group>"; };
		556CEE15255F518E0045409E /* DefaultToZero.swift */ = {isa = PBXFileReference; lastKnownFileType = sourcecode.swift; path = DefaultToZero.swift; sourceTree = "<group>"; };
		556CEE18255F56DA0045409E /* Encodable+Extensions.swift */ = {isa = PBXFileReference; lastKnownFileType = sourcecode.swift; path = "Encodable+Extensions.swift"; sourceTree = "<group>"; };
		556CEE1B255F58600045409E /* String+Extensions.swift */ = {isa = PBXFileReference; lastKnownFileType = sourcecode.swift; path = "String+Extensions.swift"; sourceTree = "<group>"; };
		556CEE1F255F5EB80045409E /* Dictionary+Extensions.swift */ = {isa = PBXFileReference; lastKnownFileType = sourcecode.swift; path = "Dictionary+Extensions.swift"; sourceTree = "<group>"; };
		55EB7CF0255F41F600DC2C6B /* User.swift */ = {isa = PBXFileReference; lastKnownFileType = sourcecode.swift; path = User.swift; sourceTree = "<group>"; };
		55EB7CF3255F422400DC2C6B /* UserSpecs.swift */ = {isa = PBXFileReference; fileEncoding = 4; lastKnownFileType = sourcecode.swift; path = UserSpecs.swift; sourceTree = "<group>"; };
		55F84EFF25609EB400911DFD /* Base64DataWrapper.swift */ = {isa = PBXFileReference; lastKnownFileType = sourcecode.swift; path = Base64DataWrapper.swift; sourceTree = "<group>"; };
		55F84F012560A3C300911DFD /* ManualWrapperSpec.swift */ = {isa = PBXFileReference; lastKnownFileType = sourcecode.swift; path = ManualWrapperSpec.swift; sourceTree = "<group>"; };
		55F84F032560A3E600911DFD /* ManualWrapper.swift */ = {isa = PBXFileReference; lastKnownFileType = sourcecode.swift; path = ManualWrapper.swift; sourceTree = "<group>"; };
		55F84F062560A55200911DFD /* save.png */ = {isa = PBXFileReference; lastKnownFileType = image.png; path = save.png; sourceTree = "<group>"; };
		55F84F072560A55200911DFD /* search.png */ = {isa = PBXFileReference; lastKnownFileType = image.png; path = search.png; sourceTree = "<group>"; };
		55F84F0A2560B5CF00911DFD /* Base64.swift */ = {isa = PBXFileReference; lastKnownFileType = sourcecode.swift; path = Base64.swift; sourceTree = "<group>"; };
		55F84F0C2560B87600911DFD /* PropertyWrapper.swift */ = {isa = PBXFileReference; lastKnownFileType = sourcecode.swift; path = PropertyWrapper.swift; sourceTree = "<group>"; };
		55F84F0E2560B97B00911DFD /* PropertyWrapperSpec.swift */ = {isa = PBXFileReference; lastKnownFileType = sourcecode.swift; path = PropertyWrapperSpec.swift; sourceTree = "<group>"; };
		68E4573F5A7982DF7A582BC4 /* Pods-Codable.release.xcconfig */ = {isa = PBXFileReference; includeInIndex = 1; lastKnownFileType = text.xcconfig; name = "Pods-Codable.release.xcconfig"; path = "Target Support Files/Pods-Codable/Pods-Codable.release.xcconfig"; sourceTree = "<group>"; };
		787200B980728042DE88D13E /* Pods-CodableTests.release.xcconfig */ = {isa = PBXFileReference; includeInIndex = 1; lastKnownFileType = text.xcconfig; name = "Pods-CodableTests.release.xcconfig"; path = "Target Support Files/Pods-CodableTests/Pods-CodableTests.release.xcconfig"; sourceTree = "<group>"; };
		8088DC1B9B9D392716F05D9A /* Pods_Codable.framework */ = {isa = PBXFileReference; explicitFileType = wrapper.framework; includeInIndex = 0; path = Pods_Codable.framework; sourceTree = BUILT_PRODUCTS_DIR; };
		A594CBC32DFDEEFAE8680150 /* Pods-Codable.debug.xcconfig */ = {isa = PBXFileReference; includeInIndex = 1; lastKnownFileType = text.xcconfig; name = "Pods-Codable.debug.xcconfig"; path = "Target Support Files/Pods-Codable/Pods-Codable.debug.xcconfig"; sourceTree = "<group>"; };
		ADEE797F0F062527192FDA59 /* Pods_CodableUnitTests.framework */ = {isa = PBXFileReference; explicitFileType = wrapper.framework; includeInIndex = 0; path = Pods_CodableUnitTests.framework; sourceTree = BUILT_PRODUCTS_DIR; };
		B8C104EFC764A7D8BB3F42BA /* Pods-CodableUnitTests.release.xcconfig */ = {isa = PBXFileReference; includeInIndex = 1; lastKnownFileType = text.xcconfig; name = "Pods-CodableUnitTests.release.xcconfig"; path = "Target Support Files/Pods-CodableUnitTests/Pods-CodableUnitTests.release.xcconfig"; sourceTree = "<group>"; };
		C3AFE7B072405078590F7260 /* Pods-CodableUnitTests.debug.xcconfig */ = {isa = PBXFileReference; includeInIndex = 1; lastKnownFileType = text.xcconfig; name = "Pods-CodableUnitTests.debug.xcconfig"; path = "Target Support Files/Pods-CodableUnitTests/Pods-CodableUnitTests.debug.xcconfig"; sourceTree = "<group>"; };
		CC502C4D2E54F622F239E587 /* Pods_CodableTests.framework */ = {isa = PBXFileReference; explicitFileType = wrapper.framework; includeInIndex = 0; path = Pods_CodableTests.framework; sourceTree = BUILT_PRODUCTS_DIR; };
/* End PBXFileReference section */

/* Begin PBXFrameworksBuildPhase section */
		556CEE00255F43A70045409E /* Frameworks */ = {
			isa = PBXFrameworksBuildPhase;
			buildActionMask = 2147483647;
			files = (
				3C425BB685784960593B95AC /* Pods_CodableUnitTests.framework in Frameworks */,
			);
			runOnlyForDeploymentPostprocessing = 0;
		};
/* End PBXFrameworksBuildPhase section */

/* Begin PBXGroup section */
		1247A4FDB254456CD24CBDA4 /* Frameworks */ = {
			isa = PBXGroup;
			children = (
				8088DC1B9B9D392716F05D9A /* Pods_Codable.framework */,
				CC502C4D2E54F622F239E587 /* Pods_CodableTests.framework */,
				ADEE797F0F062527192FDA59 /* Pods_CodableUnitTests.framework */,
			);
			name = Frameworks;
			sourceTree = "<group>";
		};
		556CEE04255F43A70045409E /* CodableUnitTests */ = {
			isa = PBXGroup;
			children = (
				55F84F052560A54A00911DFD /* Assets */,
				55EB7CF3255F422400DC2C6B /* UserSpecs.swift */,
				5515A7F625605BEE00ACE99C /* SettingsSpecs.swift */,
				55F84F012560A3C300911DFD /* ManualWrapperSpec.swift */,
				55F84F0E2560B97B00911DFD /* PropertyWrapperSpec.swift */,
				5515A7F12560569400ACE99C /* CircleSpecs.swift */,
				556CEE07255F43A70045409E /* Info.plist */,
			);
			path = CodableUnitTests;
			sourceTree = "<group>";
		};
		556CEE0D255F45000045409E /* Extensions */ = {
			isa = PBXGroup;
			children = (
				556CEE0E255F45190045409E /* Decodable+Extensions.swift */,
				556CEE18255F56DA0045409E /* Encodable+Extensions.swift */,
				556CEE1B255F58600045409E /* String+Extensions.swift */,
				556CEE1F255F5EB80045409E /* Dictionary+Extensions.swift */,
			);
			path = Extensions;
			sourceTree = "<group>";
		};
		556CEE11255F51340045409E /* Wrappers */ = {
			isa = PBXGroup;
			children = (
				55F84EFF25609EB400911DFD /* Base64DataWrapper.swift */,
				55F84F0A2560B5CF00911DFD /* Base64.swift */,
				556CEE12255F51570045409E /* DefaultToFalse.swift */,
				556CEE15255F518E0045409E /* DefaultToZero.swift */,
				5515A7E6255FEEA600ACE99C /* SkipEncodingBool.swift */,
			);
			path = Wrappers;
			sourceTree = "<group>";
		};
		55EB7CC1255F40A900DC2C6B = {
			isa = PBXGroup;
			children = (
				5515A7F92560894F00ACE99C /* README.md */,
				5515A7FD25608CC300ACE99C /* Podfile */,
				5515A7FF25608CFA00ACE99C /* .gitignore */,
				55EB7CEF255F41E800DC2C6B /* Models */,
				556CEE04255F43A70045409E /* CodableUnitTests */,
				55EB7CCB255F40AA00DC2C6B /* Products */,
				B73FF78DCC2C9A7BD146A5D7 /* Pods */,
				1247A4FDB254456CD24CBDA4 /* Frameworks */,
			);
			sourceTree = "<group>";
		};
		55EB7CCB255F40AA00DC2C6B /* Products */ = {
			isa = PBXGroup;
			children = (
				556CEE03255F43A70045409E /* CodableUnitTests.xctest */,
			);
			name = Products;
			sourceTree = "<group>";
		};
		55EB7CEF255F41E800DC2C6B /* Models */ = {
			isa = PBXGroup;
			children = (
				556CEE0D255F45000045409E /* Extensions */,
				556CEE11255F51340045409E /* Wrappers */,
				55F84F032560A3E600911DFD /* ManualWrapper.swift */,
				55F84F0C2560B87600911DFD /* PropertyWrapper.swift */,
				55EB7CF0255F41F600DC2C6B /* User.swift */,
				5515A7EA256014B900ACE99C /* Settings.swift */,
				5515A7EE2560564C00ACE99C /* Circle.swift */,
			);
			path = Models;
			sourceTree = "<group>";
		};
		55F84F052560A54A00911DFD /* Assets */ = {
			isa = PBXGroup;
			children = (
				55F84F062560A55200911DFD /* save.png */,
				55F84F072560A55200911DFD /* search.png */,
			);
			path = Assets;
			sourceTree = "<group>";
		};
		B73FF78DCC2C9A7BD146A5D7 /* Pods */ = {
			isa = PBXGroup;
			children = (
				A594CBC32DFDEEFAE8680150 /* Pods-Codable.debug.xcconfig */,
				68E4573F5A7982DF7A582BC4 /* Pods-Codable.release.xcconfig */,
				50A05B36B2C698A97066D241 /* Pods-CodableTests.debug.xcconfig */,
				787200B980728042DE88D13E /* Pods-CodableTests.release.xcconfig */,
				C3AFE7B072405078590F7260 /* Pods-CodableUnitTests.debug.xcconfig */,
				B8C104EFC764A7D8BB3F42BA /* Pods-CodableUnitTests.release.xcconfig */,
			);
			path = Pods;
			sourceTree = "<group>";
		};
/* End PBXGroup section */

/* Begin PBXNativeTarget section */
		556CEE02255F43A70045409E /* CodableUnitTests */ = {
			isa = PBXNativeTarget;
			buildConfigurationList = 556CEE08255F43A70045409E /* Build configuration list for PBXNativeTarget "CodableUnitTests" */;
			buildPhases = (
				E1992E61C70BEF9D5160B5BB /* [CP] Check Pods Manifest.lock */,
				556CEDFF255F43A70045409E /* Sources */,
				556CEE00255F43A70045409E /* Frameworks */,
				556CEE01255F43A70045409E /* Resources */,
				7862DEC35BB2947FECB4276E /* [CP] Embed Pods Frameworks */,
			);
			buildRules = (
			);
			dependencies = (
			);
			name = CodableUnitTests;
			productName = CodableUnitTests;
			productReference = 556CEE03255F43A70045409E /* CodableUnitTests.xctest */;
			productType = "com.apple.product-type.bundle.unit-test";
		};
/* End PBXNativeTarget section */

/* Begin PBXProject section */
		55EB7CC2255F40A900DC2C6B /* Project object */ = {
			isa = PBXProject;
			attributes = {
				LastSwiftUpdateCheck = 1170;
				LastUpgradeCheck = 1170;
				ORGANIZATIONNAME = eppz;
				TargetAttributes = {
					556CEE02255F43A70045409E = {
						CreatedOnToolsVersion = 11.7;
					};
				};
			};
			buildConfigurationList = 55EB7CC5255F40A900DC2C6B /* Build configuration list for PBXProject "Codable" */;
			compatibilityVersion = "Xcode 9.3";
			developmentRegion = en;
			hasScannedForEncodings = 0;
			knownRegions = (
				en,
				Base,
			);
			mainGroup = 55EB7CC1255F40A900DC2C6B;
			productRefGroup = 55EB7CCB255F40AA00DC2C6B /* Products */;
			projectDirPath = "";
			projectRoot = "";
			targets = (
				556CEE02255F43A70045409E /* CodableUnitTests */,
			);
		};
/* End PBXProject section */

/* Begin PBXResourcesBuildPhase section */
		556CEE01255F43A70045409E /* Resources */ = {
			isa = PBXResourcesBuildPhase;
			buildActionMask = 2147483647;
			files = (
				5515A80025608CFA00ACE99C /* .gitignore in Resources */,
				5515A7FE25608CC300ACE99C /* Podfile in Resources */,
				55F84F082560A55200911DFD /* save.png in Resources */,
				55F84F092560A55200911DFD /* search.png in Resources */,
			);
			runOnlyForDeploymentPostprocessing = 0;
		};
/* End PBXResourcesBuildPhase section */

/* Begin PBXShellScriptBuildPhase section */
		7862DEC35BB2947FECB4276E /* [CP] Embed Pods Frameworks */ = {
			isa = PBXShellScriptBuildPhase;
			buildActionMask = 2147483647;
			files = (
			);
			inputFileListPaths = (
				"${PODS_ROOT}/Target Support Files/Pods-CodableUnitTests/Pods-CodableUnitTests-frameworks-${CONFIGURATION}-input-files.xcfilelist",
			);
			name = "[CP] Embed Pods Frameworks";
			outputFileListPaths = (
				"${PODS_ROOT}/Target Support Files/Pods-CodableUnitTests/Pods-CodableUnitTests-frameworks-${CONFIGURATION}-output-files.xcfilelist",
			);
			runOnlyForDeploymentPostprocessing = 0;
			shellPath = /bin/sh;
			shellScript = "\"${PODS_ROOT}/Target Support Files/Pods-CodableUnitTests/Pods-CodableUnitTests-frameworks.sh\"\n";
			showEnvVarsInLog = 0;
		};
		E1992E61C70BEF9D5160B5BB /* [CP] Check Pods Manifest.lock */ = {
			isa = PBXShellScriptBuildPhase;
			buildActionMask = 2147483647;
			files = (
			);
			inputFileListPaths = (
			);
			inputPaths = (
				"${PODS_PODFILE_DIR_PATH}/Podfile.lock",
				"${PODS_ROOT}/Manifest.lock",
			);
			name = "[CP] Check Pods Manifest.lock";
			outputFileListPaths = (
			);
			outputPaths = (
				"$(DERIVED_FILE_DIR)/Pods-CodableUnitTests-checkManifestLockResult.txt",
			);
			runOnlyForDeploymentPostprocessing = 0;
			shellPath = /bin/sh;
			shellScript = "diff \"${PODS_PODFILE_DIR_PATH}/Podfile.lock\" \"${PODS_ROOT}/Manifest.lock\" > /dev/null\nif [ $? != 0 ] ; then\n    # print error to STDERR\n    echo \"error: The sandbox is not in sync with the Podfile.lock. Run 'pod install' or update your CocoaPods installation.\" >&2\n    exit 1\nfi\n# This output is used by Xcode 'outputs' to avoid re-running this script phase.\necho \"SUCCESS\" > \"${SCRIPT_OUTPUT_FILE_0}\"\n";
			showEnvVarsInLog = 0;
		};
/* End PBXShellScriptBuildPhase section */

/* Begin PBXSourcesBuildPhase section */
		556CEDFF255F43A70045409E /* Sources */ = {
			isa = PBXSourcesBuildPhase;
			buildActionMask = 2147483647;
			files = (
				55F84F0F2560B97B00911DFD /* PropertyWrapperSpec.swift in Sources */,
				5515A7F32560569400ACE99C /* CircleSpecs.swift in Sources */,
				55F84F0025609EB400911DFD /* Base64DataWrapper.swift in Sources */,
				55F84F042560A3E600911DFD /* ManualWrapper.swift in Sources */,
				5515A7F825605BEE00ACE99C /* SettingsSpecs.swift in Sources */,
				556CEE0C255F43EC0045409E /* User.swift in Sources */,
				556CEE1E255F5B260045409E /* String+Extensions.swift in Sources */,
				556CEE1A255F56DA0045409E /* Encodable+Extensions.swift in Sources */,
				556CEE17255F518E0045409E /* DefaultToZero.swift in Sources */,
				556CEE10255F45190045409E /* Decodable+Extensions.swift in Sources */,
				55F84F0D2560B87600911DFD /* PropertyWrapper.swift in Sources */,
				5515A7F02560564C00ACE99C /* Circle.swift in Sources */,
				55F84F0B2560B5D000911DFD /* Base64.swift in Sources */,
				55F84F022560A3C300911DFD /* ManualWrapperSpec.swift in Sources */,
				5515A7F42560598B00ACE99C /* SkipEncodingBool.swift in Sources */,
				556CEE14255F51570045409E /* DefaultToFalse.swift in Sources */,
				5515A7EC256014B900ACE99C /* Settings.swift in Sources */,
				556CEE0B255F43AE0045409E /* UserSpecs.swift in Sources */,
				556CEE21255F5EB90045409E /* Dictionary+Extensions.swift in Sources */,
			);
			runOnlyForDeploymentPostprocessing = 0;
		};
/* End PBXSourcesBuildPhase section */

/* Begin XCBuildConfiguration section */
		556CEE09255F43A70045409E /* Debug */ = {
			isa = XCBuildConfiguration;
			baseConfigurationReference = C3AFE7B072405078590F7260 /* Pods-CodableUnitTests.debug.xcconfig */;
			buildSettings = {
				CODE_SIGN_STYLE = Automatic;
				COMBINE_HIDPI_IMAGES = YES;
				DEVELOPMENT_TEAM = NG36MJV4JP;
				INFOPLIST_FILE = CodableUnitTests/Info.plist;
				LD_RUNPATH_SEARCH_PATHS = (
					"$(inherited)",
					"@executable_path/../Frameworks",
					"@loader_path/../Frameworks",
				);
				MACOSX_DEPLOYMENT_TARGET = 10.15;
				PRODUCT_BUNDLE_IDENTIFIER = com.eppz.CodableUnitTests;
				PRODUCT_NAME = "$(TARGET_NAME)";
				SDKROOT = macosx;
				SWIFT_VERSION = 5.0;
			};
			name = Debug;
		};
		556CEE0A255F43A70045409E /* Release */ = {
			isa = XCBuildConfiguration;
			baseConfigurationReference = B8C104EFC764A7D8BB3F42BA /* Pods-CodableUnitTests.release.xcconfig */;
			buildSettings = {
				CODE_SIGN_STYLE = Automatic;
				COMBINE_HIDPI_IMAGES = YES;
				DEVELOPMENT_TEAM = NG36MJV4JP;
				INFOPLIST_FILE = CodableUnitTests/Info.plist;
				LD_RUNPATH_SEARCH_PATHS = (
					"$(inherited)",
					"@executable_path/../Frameworks",
					"@loader_path/../Frameworks",
				);
				MACOSX_DEPLOYMENT_TARGET = 10.15;
				PRODUCT_BUNDLE_IDENTIFIER = com.eppz.CodableUnitTests;
				PRODUCT_NAME = "$(TARGET_NAME)";
				SDKROOT = macosx;
				SWIFT_VERSION = 5.0;
			};
			name = Release;
		};
		55EB7CE7255F40AB00DC2C6B /* Debug */ = {
			isa = XCBuildConfiguration;
			buildSettings = {
				ALWAYS_SEARCH_USER_PATHS = NO;
				CLANG_ANALYZER_NONNULL = YES;
				CLANG_ANALYZER_NUMBER_OBJECT_CONVERSION = YES_AGGRESSIVE;
				CLANG_CXX_LANGUAGE_STANDARD = "gnu++14";
				CLANG_CXX_LIBRARY = "libc++";
				CLANG_ENABLE_MODULES = YES;
				CLANG_ENABLE_OBJC_ARC = YES;
				CLANG_ENABLE_OBJC_WEAK = YES;
				CLANG_WARN_BLOCK_CAPTURE_AUTORELEASING = YES;
				CLANG_WARN_BOOL_CONVERSION = YES;
				CLANG_WARN_COMMA = YES;
				CLANG_WARN_CONSTANT_CONVERSION = YES;
				CLANG_WARN_DEPRECATED_OBJC_IMPLEMENTATIONS = YES;
				CLANG_WARN_DIRECT_OBJC_ISA_USAGE = YES_ERROR;
				CLANG_WARN_DOCUMENTATION_COMMENTS = YES;
				CLANG_WARN_EMPTY_BODY = YES;
				CLANG_WARN_ENUM_CONVERSION = YES;
				CLANG_WARN_INFINITE_RECURSION = YES;
				CLANG_WARN_INT_CONVERSION = YES;
				CLANG_WARN_NON_LITERAL_NULL_CONVERSION = YES;
				CLANG_WARN_OBJC_IMPLICIT_RETAIN_SELF = YES;
				CLANG_WARN_OBJC_LITERAL_CONVERSION = YES;
				CLANG_WARN_OBJC_ROOT_CLASS = YES_ERROR;
				CLANG_WARN_RANGE_LOOP_ANALYSIS = YES;
				CLANG_WARN_STRICT_PROTOTYPES = YES;
				CLANG_WARN_SUSPICIOUS_MOVE = YES;
				CLANG_WARN_UNGUARDED_AVAILABILITY = YES_AGGRESSIVE;
				CLANG_WARN_UNREACHABLE_CODE = YES;
				CLANG_WARN__DUPLICATE_METHOD_MATCH = YES;
				COPY_PHASE_STRIP = NO;
				DEBUG_INFORMATION_FORMAT = dwarf;
				ENABLE_STRICT_OBJC_MSGSEND = YES;
				ENABLE_TESTABILITY = YES;
				GCC_C_LANGUAGE_STANDARD = gnu11;
				GCC_DYNAMIC_NO_PIC = NO;
				GCC_NO_COMMON_BLOCKS = YES;
				GCC_OPTIMIZATION_LEVEL = 0;
				GCC_PREPROCESSOR_DEFINITIONS = (
					"DEBUG=1",
					"$(inherited)",
				);
				GCC_WARN_64_TO_32_BIT_CONVERSION = YES;
				GCC_WARN_ABOUT_RETURN_TYPE = YES_ERROR;
				GCC_WARN_UNDECLARED_SELECTOR = YES;
				GCC_WARN_UNINITIALIZED_AUTOS = YES_AGGRESSIVE;
				GCC_WARN_UNUSED_FUNCTION = YES;
				GCC_WARN_UNUSED_VARIABLE = YES;
				IPHONEOS_DEPLOYMENT_TARGET = 13.7;
				MTL_ENABLE_DEBUG_INFO = INCLUDE_SOURCE;
				MTL_FAST_MATH = YES;
				ONLY_ACTIVE_ARCH = YES;
				SDKROOT = iphoneos;
				SWIFT_ACTIVE_COMPILATION_CONDITIONS = DEBUG;
				SWIFT_OPTIMIZATION_LEVEL = "-Onone";
			};
			name = Debug;
		};
		55EB7CE8255F40AB00DC2C6B /* Release */ = {
			isa = XCBuildConfiguration;
			buildSettings = {
				ALWAYS_SEARCH_USER_PATHS = NO;
				CLANG_ANALYZER_NONNULL = YES;
				CLANG_ANALYZER_NUMBER_OBJECT_CONVERSION = YES_AGGRESSIVE;
				CLANG_CXX_LANGUAGE_STANDARD = "gnu++14";
				CLANG_CXX_LIBRARY = "libc++";
				CLANG_ENABLE_MODULES = YES;
				CLANG_ENABLE_OBJC_ARC = YES;
				CLANG_ENABLE_OBJC_WEAK = YES;
				CLANG_WARN_BLOCK_CAPTURE_AUTORELEASING = YES;
				CLANG_WARN_BOOL_CONVERSION = YES;
				CLANG_WARN_COMMA = YES;
				CLANG_WARN_CONSTANT_CONVERSION = YES;
				CLANG_WARN_DEPRECATED_OBJC_IMPLEMENTATIONS = YES;
				CLANG_WARN_DIRECT_OBJC_ISA_USAGE = YES_ERROR;
				CLANG_WARN_DOCUMENTATION_COMMENTS = YES;
				CLANG_WARN_EMPTY_BODY = YES;
				CLANG_WARN_ENUM_CONVERSION = YES;
				CLANG_WARN_INFINITE_RECURSION = YES;
				CLANG_WARN_INT_CONVERSION = YES;
				CLANG_WARN_NON_LITERAL_NULL_CONVERSION = YES;
				CLANG_WARN_OBJC_IMPLICIT_RETAIN_SELF = YES;
				CLANG_WARN_OBJC_LITERAL_CONVERSION = YES;
				CLANG_WARN_OBJC_ROOT_CLASS = YES_ERROR;
				CLANG_WARN_RANGE_LOOP_ANALYSIS = YES;
				CLANG_WARN_STRICT_PROTOTYPES = YES;
				CLANG_WARN_SUSPICIOUS_MOVE = YES;
				CLANG_WARN_UNGUARDED_AVAILABILITY = YES_AGGRESSIVE;
				CLANG_WARN_UNREACHABLE_CODE = YES;
				CLANG_WARN__DUPLICATE_METHOD_MATCH = YES;
				COPY_PHASE_STRIP = NO;
				DEBUG_INFORMATION_FORMAT = "dwarf-with-dsym";
				ENABLE_NS_ASSERTIONS = NO;
				ENABLE_STRICT_OBJC_MSGSEND = YES;
				GCC_C_LANGUAGE_STANDARD = gnu11;
				GCC_NO_COMMON_BLOCKS = YES;
				GCC_WARN_64_TO_32_BIT_CONVERSION = YES;
				GCC_WARN_ABOUT_RETURN_TYPE = YES_ERROR;
				GCC_WARN_UNDECLARED_SELECTOR = YES;
				GCC_WARN_UNINITIALIZED_AUTOS = YES_AGGRESSIVE;
				GCC_WARN_UNUSED_FUNCTION = YES;
				GCC_WARN_UNUSED_VARIABLE = YES;
				IPHONEOS_DEPLOYMENT_TARGET = 13.7;
				MTL_ENABLE_DEBUG_INFO = NO;
				MTL_FAST_MATH = YES;
				SDKROOT = iphoneos;
				SWIFT_COMPILATION_MODE = wholemodule;
				SWIFT_OPTIMIZATION_LEVEL = "-O";
				VALIDATE_PRODUCT = YES;
			};
			name = Release;
		};
/* End XCBuildConfiguration section */

/* Begin XCConfigurationList section */
		556CEE08255F43A70045409E /* Build configuration list for PBXNativeTarget "CodableUnitTests" */ = {
			isa = XCConfigurationList;
			buildConfigurations = (
				556CEE09255F43A70045409E /* Debug */,
				556CEE0A255F43A70045409E /* Release */,
			);
			defaultConfigurationIsVisible = 0;
			defaultConfigurationName = Release;
		};
		55EB7CC5255F40A900DC2C6B /* Build configuration list for PBXProject "Codable" */ = {
			isa = XCConfigurationList;
			buildConfigurations = (
				55EB7CE7255F40AB00DC2C6B /* Debug */,
				55EB7CE8255F40AB00DC2C6B /* Release */,
			);
			defaultConfigurationIsVisible = 0;
			defaultConfigurationName = Release;
		};
/* End XCConfigurationList section */
	};
	rootObject = 55EB7CC2255F40A900DC2C6B /* Project object */;
}
